{
  "nodes": {
    "nixpkgs": {
      "locked": {
        "lastModified": 1692414505,
        "narHash": "sha256-sSTuyR9JYSxmUcYcj0Jvw1hIq1tz/Canw9mK0hEJvnE=",
        "owner": "nixos",
        "repo": "nixpkgs",
        "rev": "4cdad15f34e6321a2f789b99d42815b9142ac2ba",
        "type": "github"
      },
      "original": {
        "owner": "nixos",
        "ref": "nixos-23.05",
        "repo": "nixpkgs",
        "type": "github"
      }
    },
    "orgRepo": {
      "flake": false,
      "locked": {
        "lastModified": 1692604237,
        "narHash": "sha256-SoqsrPIAmm8omHsCChBCS7X24XgGMyJSq+3drbNmErs=",
        "owner": "FixPlanet",
        "repo": "org",
        "rev": "9fcdb024ba0cb11aec3b1f8469ec64658c19e2ca",
        "type": "github"
      },
      "original": {
        "owner": "FixPlanet",
        "repo": "org",
        "rev": "9fcdb024ba0cb11aec3b1f8469ec64658c19e2ca",
        "type": "github"
      }
    },
    "root": {
      "inputs": {
        "nixpkgs": "nixpkgs",
        "orgRepo": "orgRepo"
      }
    }
  },
  "root": "root",
  "version": 7
}
